<?xml version="1.0" encoding="utf-8"?>
<Project ToolsVersion="4.0" xmlns="http://schemas.microsoft.com/developer/msbuild/2003">
  <ItemGroup>
    <Filter Include="Source Files">
      <UniqueIdentifier>{4FC737F1-C7A5-4376-A066-2A32D752A2FF}</UniqueIdentifier>
      <Extensions>cpp;c;cc;cxx;c++;cppm;ixx;def;odl;idl;hpj;bat;asm;asmx</Extensions>
    </Filter>
    <Filter Include="Header Files">
      <UniqueIdentifier>{93995380-89BD-4b04-88EB-625FBE52EBFB}</UniqueIdentifier>
      <Extensions>h;hh;hpp;hxx;h++;hm;inl;inc;ipp;xsd</Extensions>
    </Filter>
    <Filter Include="Resource Files">
      <UniqueIdentifier>{67DA6AB6-F800-4c08-8B7A-83BB121AAD01}</UniqueIdentifier>
      <Extensions>rc;ico;cur;bmp;dlg;rc2;rct;bin;rgs;gif;jpg;jpeg;jpe;resx;tiff;tif;png;wav;mfcribbon-ms</Extensions>
    </Filter>
    <Filter Include="Header Files\Maths">
      <UniqueIdentifier>{8cc7ee41-252e-4938-97f0-956d305621af}</UniqueIdentifier>
    </Filter>
    <Filter Include="Header Files\Hittables">
      <UniqueIdentifier>{cc4ef33f-ff0b-48b9-92a7-f01b0520c371}</UniqueIdentifier>
    </Filter>
    <Filter Include="Source Files\Hittables">
      <UniqueIdentifier>{2be0852c-556c-4de4-9556-59ddc27732c3}</UniqueIdentifier>
    </Filter>
    <Filter Include="Header Files\Materials">
      <UniqueIdentifier>{f8621deb-c180-4e6e-9a15-b8a2e43da9ed}</UniqueIdentifier>
    </Filter>
    <Filter Include="Source Files\Materials">
      <UniqueIdentifier>{f45433e8-59a7-47f7-b6a2-9c3270d2725e}</UniqueIdentifier>
    </Filter>
    <Filter Include="Source Files\Maths">
      <UniqueIdentifier>{0e2f7e55-9f16-4f9a-9aa4-9069a65d6bac}</UniqueIdentifier>
    </Filter>
  </ItemGroup>
  <ItemGroup>
    <ClCompile Include="sources\main.cpp">
      <Filter>Source Files</Filter>
    </ClCompile>
    <ClCompile Include="sources\hittables\Sphere.cpp">
      <Filter>Source Files\Hittables</Filter>
    </ClCompile>
    <ClCompile Include="sources\hittables\HittableList.cpp">
      <Filter>Source Files\Hittables</Filter>
    </ClCompile>
    <ClCompile Include="sources\Camera.cpp">
      <Filter>Source Files</Filter>
    </ClCompile>
    <ClCompile Include="sources\Random.cpp">
      <Filter>Source Files</Filter>
    </ClCompile>
    <ClCompile Include="sources\materials\Lambertian.cpp">
      <Filter>Source Files\Materials</Filter>
    </ClCompile>
    <ClCompile Include="sources\materials\Metal.cpp">
      <Filter>Source Files\Materials</Filter>
    </ClCompile>
    <ClCompile Include="sources\materials\Dielectric.cpp">
      <Filter>Source Files\Materials</Filter>
    </ClCompile>
    <ClCompile Include="sources\hittables\MovingSphere.cpp">
      <Filter>Source Files\Hittables</Filter>
    </ClCompile>
    <ClCompile Include="sources\maths\AABB.cpp">
      <Filter>Source Files\Maths</Filter>
    </ClCompile>
    <ClCompile Include="sources\hittables\BVHNode.cpp">
      <Filter>Source Files\Hittables</Filter>
    </ClCompile>
  </ItemGroup>
  <ItemGroup>
    <ClInclude Include="headers\maths\Vec3.h">
      <Filter>Header Files\Maths</Filter>
    </ClInclude>
    <ClInclude Include="headers\maths\Ray.h">
      <Filter>Header Files\Maths</Filter>
    </ClInclude>
    <ClInclude Include="headers\hittables\Hittable.h">
      <Filter>Header Files\Hittables</Filter>
    </ClInclude>
    <ClInclude Include="headers\hittables\Sphere.h">
      <Filter>Header Files\Hittables</Filter>
    </ClInclude>
    <ClInclude Include="headers\hittables\HittableList.h">
      <Filter>Header Files\Hittables</Filter>
    </ClInclude>
    <ClInclude Include="headers\Camera.h">
      <Filter>Header Files</Filter>
    </ClInclude>
    <ClInclude Include="headers\Random.h">
      <Filter>Header Files</Filter>
    </ClInclude>
    <ClInclude Include="headers\materials\Material.h">
      <Filter>Header Files\Materials</Filter>
    </ClInclude>
    <ClInclude Include="headers\materials\Lambertian.h">
      <Filter>Header Files\Materials</Filter>
    </ClInclude>
    <ClInclude Include="headers\materials\Metal.h">
      <Filter>Header Files\Materials</Filter>
    </ClInclude>
    <ClInclude Include="headers\materials\Dielectric.h">
      <Filter>Header Files\Materials</Filter>
    </ClInclude>
    <ClInclude Include="headers\maths\Utils.h">
      <Filter>Header Files\Maths</Filter>
    </ClInclude>
    <ClInclude Include="headers\hittables\MovingSphere.h">
      <Filter>Header Files\Hittables</Filter>
    </ClInclude>
    <ClInclude Include="headers\maths\AABB.h">
      <Filter>Header Files\Maths</Filter>
    </ClInclude>
    <ClInclude Include="headers\hittables\BVHNode.h">
      <Filter>Header Files\Hittables</Filter>
    </ClInclude>
  </ItemGroup>
</Project>